
Microsoft Visual Studio Solution File, Format Version 12.00
# Visual Studio Version 17
VisualStudioVersion = 17.5.33516.290
MinimumVisualStudioVersion = 10.0.40219.1
Project("{FAE04EC0-301F-11D3-BF4B-00C04F79EFBC}") = "movie-rental-api", "movie-rental-api\movie-rental-api.csproj", "{8EF0C4C6-B5B7-443F-BFB5-E06685EC9659}"
EndProject
Global
	GlobalSection(SolutionConfigurationPlatforms) = preSolution
		Debug|Any CPU = Debug|Any CPU
		Release|Any CPU = Release|Any CPU
	EndGlobalSection
	GlobalSection(ProjectConfigurationPlatforms) = postSolution
		{8EF0C4C6-B5B7-443F-BFB5-E06685EC9659}.Debug|Any CPU.ActiveCfg = Debug|Any CPU
		{8EF0C4C6-B5B7-443F-BFB5-E06685EC9659}.Debug|Any CPU.Build.0 = Debug|Any CPU
		{8EF0C4C6-B5B7-443F-BFB5-E06685EC9659}.Release|Any CPU.ActiveCfg = Release|Any CPU
		{8EF0C4C6-B5B7-443F-BFB5-E06685EC9659}.Release|Any CPU.Build.0 = Release|Any CPU
	EndGlobalSection
	GlobalSection(SolutionProperties) = preSolution
		HideSolutionNode = FALSE
	EndGlobalSection
	GlobalSection(ExtensibilityGlobals) = postSolution
		SolutionGuid = {65FFD38B-64B7-44D4-A7E0-902EC1F6878F}
	EndGlobalSection
EndGlobal
